
Microsoft Visual Studio Solution File, Format Version 12.00
# Visual Studio Version 17
VisualStudioVersion = 17.3.32515.10
MinimumVisualStudioVersion = 10.0.40219.1
Project("{D954291E-2A0B-460D-934E-DC6B0785DB48}") = "SkiaSharpSample.Shared", "SkiaSharpSample.Shared\SkiaSharpSample.Shared.shproj", "{6279C845-92F8-4333-AB99-3D213163593C}"
EndProject
Project("{FAE04EC0-301F-11D3-BF4B-00C04F79EFBC}") = "SkiaSharpSample.Android", "SkiaSharpSample.Android\SkiaSharpSample.Android.csproj", "{8B8DB39E-C0FF-4EDC-83A6-0B6A4AB763EE}"
EndProject
Project("{FAE04EC0-301F-11D3-BF4B-00C04F79EFBC}") = "SkiaSharpSample.UWP", "SkiaSharpSample.UWP\SkiaSharpSample.UWP.csproj", "{AE39AA1D-32C8-482B-9395-AD5493C98F7E}"
EndProject
Project("{9A19103F-16F7-4668-BE54-9A1E7A4F7556}") = "SkiaSharpSample.Wasm", "SkiaSharpSample.Wasm\SkiaSharpSample.Wasm.csproj", "{9726301D-8A93-4A06-88DF-92BA01CF80AD}"
EndProject
Project("{9A19103F-16F7-4668-BE54-9A1E7A4F7556}") = "SkiaSharpSample.Gtk", "SkiaSharpSample.Gtk\SkiaSharpSample.Gtk.csproj", "{76800B1B-AC93-4451-AA67-9B5F867DAD35}"
EndProject
Project("{9A19103F-16F7-4668-BE54-9A1E7A4F7556}") = "SkiaSharpSample.WPF", "SkiaSharpSample.WPF\SkiaSharpSample.WPF.csproj", "{D4E1BD04-F37B-432E-89D7-98595FBA6D11}"
EndProject
Project("{9A19103F-16F7-4668-BE54-9A1E7A4F7556}") = "SkiaSharpSample.WPF.Host", "SkiaSharpSample.WPF.Host\SkiaSharpSample.WPF.Host.csproj", "{524B2E63-2C4A-4723-B5C0-1E9DA2768A85}"
EndProject
Global
	GlobalSection(SolutionConfigurationPlatforms) = preSolution
		Debug|Any CPU = Debug|Any CPU
		Debug|ARM = Debug|ARM
		Debug|ARM64 = Debug|ARM64
		Debug|x64 = Debug|x64
		Debug|x86 = Debug|x86
		Release|Any CPU = Release|Any CPU
		Release|ARM = Release|ARM
		Release|ARM64 = Release|ARM64
		Release|x64 = Release|x64
		Release|x86 = Release|x86
	EndGlobalSection
	GlobalSection(ProjectConfigurationPlatforms) = postSolution
		{8B8DB39E-C0FF-4EDC-83A6-0B6A4AB763EE}.Debug|Any CPU.ActiveCfg = Debug|Any CPU
		{8B8DB39E-C0FF-4EDC-83A6-0B6A4AB763EE}.Debug|Any CPU.Build.0 = Debug|Any CPU
		{8B8DB39E-C0FF-4EDC-83A6-0B6A4AB763EE}.Debug|Any CPU.Deploy.0 = Debug|Any CPU
		{8B8DB39E-C0FF-4EDC-83A6-0B6A4AB763EE}.Debug|ARM.ActiveCfg = Debug|Any CPU
		{8B8DB39E-C0FF-4EDC-83A6-0B6A4AB763EE}.Debug|ARM.Build.0 = Debug|Any CPU
		{8B8DB39E-C0FF-4EDC-83A6-0B6A4AB763EE}.Debug|ARM.Deploy.0 = Debug|Any CPU
		{8B8DB39E-C0FF-4EDC-83A6-0B6A4AB763EE}.Debug|ARM64.ActiveCfg = Debug|Any CPU
		{8B8DB39E-C0FF-4EDC-83A6-0B6A4AB763EE}.Debug|ARM64.Build.0 = Debug|Any CPU
		{8B8DB39E-C0FF-4EDC-83A6-0B6A4AB763EE}.Debug|ARM64.Deploy.0 = Debug|Any CPU
		{8B8DB39E-C0FF-4EDC-83A6-0B6A4AB763EE}.Debug|x64.ActiveCfg = Debug|Any CPU
		{8B8DB39E-C0FF-4EDC-83A6-0B6A4AB763EE}.Debug|x64.Build.0 = Debug|Any CPU
		{8B8DB39E-C0FF-4EDC-83A6-0B6A4AB763EE}.Debug|x64.Deploy.0 = Debug|Any CPU
		{8B8DB39E-C0FF-4EDC-83A6-0B6A4AB763EE}.Debug|x86.ActiveCfg = Debug|Any CPU
		{8B8DB39E-C0FF-4EDC-83A6-0B6A4AB763EE}.Debug|x86.Build.0 = Debug|Any CPU
		{8B8DB39E-C0FF-4EDC-83A6-0B6A4AB763EE}.Debug|x86.Deploy.0 = Debug|Any CPU
		{8B8DB39E-C0FF-4EDC-83A6-0B6A4AB763EE}.Release|Any CPU.ActiveCfg = Release|Any CPU
		{8B8DB39E-C0FF-4EDC-83A6-0B6A4AB763EE}.Release|Any CPU.Build.0 = Release|Any CPU
		{8B8DB39E-C0FF-4EDC-83A6-0B6A4AB763EE}.Release|Any CPU.Deploy.0 = Release|Any CPU
		{8B8DB39E-C0FF-4EDC-83A6-0B6A4AB763EE}.Release|ARM.ActiveCfg = Release|Any CPU
		{8B8DB39E-C0FF-4EDC-83A6-0B6A4AB763EE}.Release|ARM.Build.0 = Release|Any CPU
		{8B8DB39E-C0FF-4EDC-83A6-0B6A4AB763EE}.Release|ARM.Deploy.0 = Release|Any CPU
		{8B8DB39E-C0FF-4EDC-83A6-0B6A4AB763EE}.Release|ARM64.ActiveCfg = Release|Any CPU
		{8B8DB39E-C0FF-4EDC-83A6-0B6A4AB763EE}.Release|ARM64.Build.0 = Release|Any CPU
		{8B8DB39E-C0FF-4EDC-83A6-0B6A4AB763EE}.Release|ARM64.Deploy.0 = Release|Any CPU
		{8B8DB39E-C0FF-4EDC-83A6-0B6A4AB763EE}.Release|x64.ActiveCfg = Release|Any CPU
		{8B8DB39E-C0FF-4EDC-83A6-0B6A4AB763EE}.Release|x64.Build.0 = Release|Any CPU
		{8B8DB39E-C0FF-4EDC-83A6-0B6A4AB763EE}.Release|x64.Deploy.0 = Release|Any CPU
		{8B8DB39E-C0FF-4EDC-83A6-0B6A4AB763EE}.Release|x86.ActiveCfg = Release|Any CPU
		{8B8DB39E-C0FF-4EDC-83A6-0B6A4AB763EE}.Release|x86.Build.0 = Release|Any CPU
		{8B8DB39E-C0FF-4EDC-83A6-0B6A4AB763EE}.Release|x86.Deploy.0 = Release|Any CPU
		{AE39AA1D-32C8-482B-9395-AD5493C98F7E}.Debug|Any CPU.ActiveCfg = Debug|x64
		{AE39AA1D-32C8-482B-9395-AD5493C98F7E}.Debug|Any CPU.Build.0 = Debug|x64
		{AE39AA1D-32C8-482B-9395-AD5493C98F7E}.Debug|Any CPU.Deploy.0 = Debug|x64
		{AE39AA1D-32C8-482B-9395-AD5493C98F7E}.Debug|ARM.ActiveCfg = Debug|ARM
		{AE39AA1D-32C8-482B-9395-AD5493C98F7E}.Debug|ARM.Build.0 = Debug|ARM
		{AE39AA1D-32C8-482B-9395-AD5493C98F7E}.Debug|ARM.Deploy.0 = Debug|ARM
		{AE39AA1D-32C8-482B-9395-AD5493C98F7E}.Debug|ARM64.ActiveCfg = Debug|ARM64
		{AE39AA1D-32C8-482B-9395-AD5493C98F7E}.Debug|ARM64.Build.0 = Debug|ARM64
		{AE39AA1D-32C8-482B-9395-AD5493C98F7E}.Debug|ARM64.Deploy.0 = Debug|ARM64
		{AE39AA1D-32C8-482B-9395-AD5493C98F7E}.Debug|x64.ActiveCfg = Debug|x64
		{AE39AA1D-32C8-482B-9395-AD5493C98F7E}.Debug|x64.Build.0 = Debug|x64
		{AE39AA1D-32C8-482B-9395-AD5493C98F7E}.Debug|x64.Deploy.0 = Debug|x64
		{AE39AA1D-32C8-482B-9395-AD5493C98F7E}.Debug|x86.ActiveCfg = Debug|x86
		{AE39AA1D-32C8-482B-9395-AD5493C98F7E}.Debug|x86.Build.0 = Debug|x86
		{AE39AA1D-32C8-482B-9395-AD5493C98F7E}.Debug|x86.Deploy.0 = Debug|x86
		{AE39AA1D-32C8-482B-9395-AD5493C98F7E}.Release|Any CPU.ActiveCfg = Release|x64
		{AE39AA1D-32C8-482B-9395-AD5493C98F7E}.Release|Any CPU.Build.0 = Release|x64
		{AE39AA1D-32C8-482B-9395-AD5493C98F7E}.Release|Any CPU.Deploy.0 = Release|x64
		{AE39AA1D-32C8-482B-9395-AD5493C98F7E}.Release|ARM.ActiveCfg = Release|ARM
		{AE39AA1D-32C8-482B-9395-AD5493C98F7E}.Release|ARM.Build.0 = Release|ARM
		{AE39AA1D-32C8-482B-9395-AD5493C98F7E}.Release|ARM.Deploy.0 = Release|ARM
		{AE39AA1D-32C8-482B-9395-AD5493C98F7E}.Release|ARM64.ActiveCfg = Release|ARM64
		{AE39AA1D-32C8-482B-9395-AD5493C98F7E}.Release|ARM64.Build.0 = Release|ARM64
		{AE39AA1D-32C8-482B-9395-AD5493C98F7E}.Release|ARM64.Deploy.0 = Release|ARM64
		{AE39AA1D-32C8-482B-9395-AD5493C98F7E}.Release|x64.ActiveCfg = Release|x64
		{AE39AA1D-32C8-482B-9395-AD5493C98F7E}.Release|x64.Build.0 = Release|x64
		{AE39AA1D-32C8-482B-9395-AD5493C98F7E}.Release|x64.Deploy.0 = Release|x64
		{AE39AA1D-32C8-482B-9395-AD5493C98F7E}.Release|x86.ActiveCfg = Release|x86
		{AE39AA1D-32C8-482B-9395-AD5493C98F7E}.Release|x86.Build.0 = Release|x86
		{AE39AA1D-32C8-482B-9395-AD5493C98F7E}.Release|x86.Deploy.0 = Release|x86
		{9726301D-8A93-4A06-88DF-92BA01CF80AD}.Debug|Any CPU.ActiveCfg = Debug|Any CPU
		{9726301D-8A93-4A06-88DF-92BA01CF80AD}.Debug|Any CPU.Build.0 = Debug|Any CPU
		{9726301D-8A93-4A06-88DF-92BA01CF80AD}.Debug|ARM.ActiveCfg = Debug|Any CPU
		{9726301D-8A93-4A06-88DF-92BA01CF80AD}.Debug|ARM.Build.0 = Debug|Any CPU
		{9726301D-8A93-4A06-88DF-92BA01CF80AD}.Debug|ARM64.ActiveCfg = Debug|Any CPU
		{9726301D-8A93-4A06-88DF-92BA01CF80AD}.Debug|ARM64.Build.0 = Debug|Any CPU
		{9726301D-8A93-4A06-88DF-92BA01CF80AD}.Debug|x64.ActiveCfg = Debug|Any CPU
		{9726301D-8A93-4A06-88DF-92BA01CF80AD}.Debug|x64.Build.0 = Debug|Any CPU
		{9726301D-8A93-4A06-88DF-92BA01CF80AD}.Debug|x86.ActiveCfg = Debug|Any CPU
		{9726301D-8A93-4A06-88DF-92BA01CF80AD}.Debug|x86.Build.0 = Debug|Any CPU
		{9726301D-8A93-4A06-88DF-92BA01CF80AD}.Release|Any CPU.ActiveCfg = Release|Any CPU
		{9726301D-8A93-4A06-88DF-92BA01CF80AD}.Release|Any CPU.Build.0 = Release|Any CPU
		{9726301D-8A93-4A06-88DF-92BA01CF80AD}.Release|ARM.ActiveCfg = Release|Any CPU
		{9726301D-8A93-4A06-88DF-92BA01CF80AD}.Release|ARM.Build.0 = Release|Any CPU
		{9726301D-8A93-4A06-88DF-92BA01CF80AD}.Release|ARM64.ActiveCfg = Release|Any CPU
		{9726301D-8A93-4A06-88DF-92BA01CF80AD}.Release|ARM64.Build.0 = Release|Any CPU
		{9726301D-8A93-4A06-88DF-92BA01CF80AD}.Release|x64.ActiveCfg = Release|Any CPU
		{9726301D-8A93-4A06-88DF-92BA01CF80AD}.Release|x64.Build.0 = Release|Any CPU
		{9726301D-8A93-4A06-88DF-92BA01CF80AD}.Release|x86.ActiveCfg = Release|Any CPU
		{9726301D-8A93-4A06-88DF-92BA01CF80AD}.Release|x86.Build.0 = Release|Any CPU
		{76800B1B-AC93-4451-AA67-9B5F867DAD35}.Debug|Any CPU.ActiveCfg = Debug|Any CPU
		{76800B1B-AC93-4451-AA67-9B5F867DAD35}.Debug|Any CPU.Build.0 = Debug|Any CPU
		{76800B1B-AC93-4451-AA67-9B5F867DAD35}.Debug|ARM.ActiveCfg = Debug|Any CPU
		{76800B1B-AC93-4451-AA67-9B5F867DAD35}.Debug|ARM.Build.0 = Debug|Any CPU
		{76800B1B-AC93-4451-AA67-9B5F867DAD35}.Debug|ARM64.ActiveCfg = Debug|Any CPU
		{76800B1B-AC93-4451-AA67-9B5F867DAD35}.Debug|ARM64.Build.0 = Debug|Any CPU
		{76800B1B-AC93-4451-AA67-9B5F867DAD35}.Debug|x64.ActiveCfg = Debug|Any CPU
		{76800B1B-AC93-4451-AA67-9B5F867DAD35}.Debug|x64.Build.0 = Debug|Any CPU
		{76800B1B-AC93-4451-AA67-9B5F867DAD35}.Debug|x86.ActiveCfg = Debug|Any CPU
		{76800B1B-AC93-4451-AA67-9B5F867DAD35}.Debug|x86.Build.0 = Debug|Any CPU
		{76800B1B-AC93-4451-AA67-9B5F867DAD35}.Release|Any CPU.ActiveCfg = Release|Any CPU
		{76800B1B-AC93-4451-AA67-9B5F867DAD35}.Release|Any CPU.Build.0 = Release|Any CPU
		{76800B1B-AC93-4451-AA67-9B5F867DAD35}.Release|ARM.ActiveCfg = Release|Any CPU
		{76800B1B-AC93-4451-AA67-9B5F867DAD35}.Release|ARM.Build.0 = Release|Any CPU
		{76800B1B-AC93-4451-AA67-9B5F867DAD35}.Release|ARM64.ActiveCfg = Release|Any CPU
		{76800B1B-AC93-4451-AA67-9B5F867DAD35}.Release|ARM64.Build.0 = Release|Any CPU
		{76800B1B-AC93-4451-AA67-9B5F867DAD35}.Release|x64.ActiveCfg = Release|Any CPU
		{76800B1B-AC93-4451-AA67-9B5F867DAD35}.Release|x64.Build.0 = Release|Any CPU
		{76800B1B-AC93-4451-AA67-9B5F867DAD35}.Release|x86.ActiveCfg = Release|Any CPU
		{76800B1B-AC93-4451-AA67-9B5F867DAD35}.Release|x86.Build.0 = Release|Any CPU
		{D4E1BD04-F37B-432E-89D7-98595FBA6D11}.Debug|Any CPU.ActiveCfg = Debug|Any CPU
		{D4E1BD04-F37B-432E-89D7-98595FBA6D11}.Debug|Any CPU.Build.0 = Debug|Any CPU
		{D4E1BD04-F37B-432E-89D7-98595FBA6D11}.Debug|ARM.ActiveCfg = Debug|Any CPU
		{D4E1BD04-F37B-432E-89D7-98595FBA6D11}.Debug|ARM.Build.0 = Debug|Any CPU
		{D4E1BD04-F37B-432E-89D7-98595FBA6D11}.Debug|ARM64.ActiveCfg = Debug|Any CPU
		{D4E1BD04-F37B-432E-89D7-98595FBA6D11}.Debug|ARM64.Build.0 = Debug|Any CPU
		{D4E1BD04-F37B-432E-89D7-98595FBA6D11}.Debug|x64.ActiveCfg = Debug|Any CPU
		{D4E1BD04-F37B-432E-89D7-98595FBA6D11}.Debug|x64.Build.0 = Debug|Any CPU
		{D4E1BD04-F37B-432E-89D7-98595FBA6D11}.Debug|x86.ActiveCfg = Debug|Any CPU
		{D4E1BD04-F37B-432E-89D7-98595FBA6D11}.Debug|x86.Build.0 = Debug|Any CPU
		{D4E1BD04-F37B-432E-89D7-98595FBA6D11}.Release|Any CPU.ActiveCfg = Release|Any CPU
		{D4E1BD04-F37B-432E-89D7-98595FBA6D11}.Release|Any CPU.Build.0 = Release|Any CPU
		{D4E1BD04-F37B-432E-89D7-98595FBA6D11}.Release|ARM.ActiveCfg = Release|Any CPU
		{D4E1BD04-F37B-432E-89D7-98595FBA6D11}.Release|ARM.Build.0 = Release|Any CPU
		{D4E1BD04-F37B-432E-89D7-98595FBA6D11}.Release|ARM64.ActiveCfg = Release|Any CPU
		{D4E1BD04-F37B-432E-89D7-98595FBA6D11}.Release|ARM64.Build.0 = Release|Any CPU
		{D4E1BD04-F37B-432E-89D7-98595FBA6D11}.Release|x64.ActiveCfg = Release|Any CPU
		{D4E1BD04-F37B-432E-89D7-98595FBA6D11}.Release|x64.Build.0 = Release|Any CPU
		{D4E1BD04-F37B-432E-89D7-98595FBA6D11}.Release|x86.ActiveCfg = Release|Any CPU
		{D4E1BD04-F37B-432E-89D7-98595FBA6D11}.Release|x86.Build.0 = Release|Any CPU
		{524B2E63-2C4A-4723-B5C0-1E9DA2768A85}.Debug|Any CPU.ActiveCfg = Debug|Any CPU
		{524B2E63-2C4A-4723-B5C0-1E9DA2768A85}.Debug|Any CPU.Build.0 = Debug|Any CPU
		{524B2E63-2C4A-4723-B5C0-1E9DA2768A85}.Debug|ARM.ActiveCfg = Debug|Any CPU
		{524B2E63-2C4A-4723-B5C0-1E9DA2768A85}.Debug|ARM.Build.0 = Debug|Any CPU
		{524B2E63-2C4A-4723-B5C0-1E9DA2768A85}.Debug|ARM64.ActiveCfg = Debug|Any CPU
		{524B2E63-2C4A-4723-B5C0-1E9DA2768A85}.Debug|ARM64.Build.0 = Debug|Any CPU
		{524B2E63-2C4A-4723-B5C0-1E9DA2768A85}.Debug|x64.ActiveCfg = Debug|Any CPU
		{524B2E63-2C4A-4723-B5C0-1E9DA2768A85}.Debug|x64.Build.0 = Debug|Any CPU
		{524B2E63-2C4A-4723-B5C0-1E9DA2768A85}.Debug|x86.ActiveCfg = Debug|Any CPU
		{524B2E63-2C4A-4723-B5C0-1E9DA2768A85}.Debug|x86.Build.0 = Debug|Any CPU
		{524B2E63-2C4A-4723-B5C0-1E9DA2768A85}.Release|Any CPU.ActiveCfg = Release|Any CPU
		{524B2E63-2C4A-4723-B5C0-1E9DA2768A85}.Release|Any CPU.Build.0 = Release|Any CPU
		{524B2E63-2C4A-4723-B5C0-1E9DA2768A85}.Release|ARM.ActiveCfg = Release|Any CPU
		{524B2E63-2C4A-4723-B5C0-1E9DA2768A85}.Release|ARM.Build.0 = Release|Any CPU
		{524B2E63-2C4A-4723-B5C0-1E9DA2768A85}.Release|ARM64.ActiveCfg = Release|Any CPU
		{524B2E63-2C4A-4723-B5C0-1E9DA2768A85}.Release|ARM64.Build.0 = Release|Any CPU
		{524B2E63-2C4A-4723-B5C0-1E9DA2768A85}.Release|x64.ActiveCfg = Release|Any CPU
		{524B2E63-2C4A-4723-B5C0-1E9DA2768A85}.Release|x64.Build.0 = Release|Any CPU
		{524B2E63-2C4A-4723-B5C0-1E9DA2768A85}.Release|x86.ActiveCfg = Release|Any CPU
		{524B2E63-2C4A-4723-B5C0-1E9DA2768A85}.Release|x86.Build.0 = Release|Any CPU
	EndGlobalSection
	GlobalSection(SolutionProperties) = preSolution
		HideSolutionNode = FALSE
	EndGlobalSection
	GlobalSection(ExtensibilityGlobals) = postSolution
		SolutionGuid = {ADE449F3-A69B-4F43-BB03-E0C3C98E83BB}
	EndGlobalSection
	GlobalSection(SharedMSBuildProjectFiles) = preSolution
		SkiaSharpSample.Shared\SkiaSharpSample.Shared.projitems*{6279c845-92f8-4333-ab99-3d213163593c}*SharedItemsImports = 13
		SkiaSharpSample.Shared\SkiaSharpSample.Shared.projitems*{76800b1b-ac93-4451-aa67-9b5f867dad35}*SharedItemsImports = 5
		SkiaSharpSample.Shared\SkiaSharpSample.Shared.projitems*{8b8db39e-c0ff-4edc-83a6-0b6a4ab763ee}*SharedItemsImports = 4
		SkiaSharpSample.Shared\SkiaSharpSample.Shared.projitems*{9726301d-8a93-4a06-88df-92ba01cf80ad}*SharedItemsImports = 5
		SkiaSharpSample.Shared\SkiaSharpSample.Shared.projitems*{ae39aa1d-32c8-482b-9395-ad5493c98f7e}*SharedItemsImports = 4
		SkiaSharpSample.Shared\SkiaSharpSample.Shared.projitems*{d4e1bd04-f37b-432e-89d7-98595fba6d11}*SharedItemsImports = 5
	EndGlobalSection
EndGlobal
