Microsoft Visual Studio Solution File, Format Version 12.00
# Visual Studio Version 16
VisualStudioVersion = 16.0.29027.242
EndProject
Project("{FAE04EC0-301F-11D3-BF4B-00C04F79EFBC}") = "SkiaSharpSample", "SkiaSharpSample\SkiaSharpSample.csproj", "{17521786-7B50-46C5-BBCE-999FDEBB45A3}"
EndProject
Global
	GlobalSection(SolutionConfigurationPlatforms) = preSolution
		Debug|Any CPU = Debug|Any CPU
		Release|Any CPU = Release|Any CPU
	EndGlobalSection
	GlobalSection(ProjectConfigurationPlatforms) = postSolution
		{17521786-7B50-46C5-BBCE-999FDEBB45A3}.Debug|Any CPU.ActiveCfg = Debug|Any CPU
		{17521786-7B50-46C5-BBCE-999FDEBB45A3}.Debug|Any CPU.Build.0 = Debug|Any CPU
		{17521786-7B50-46C5-BBCE-999FDEBB45A3}.Release|Any CPU.ActiveCfg = Release|Any CPU
		{17521786-7B50-46C5-BBCE-999FDEBB45A3}.Release|Any CPU.Build.0 = Release|Any CPU
	EndGlobalSection
	GlobalSection(SolutionProperties) = preSolution
		HideSolutionNode = FALSE
	EndGlobalSection
	GlobalSection(ExtensibilityGlobals) = postSolution
		SolutionGuid = {E3655CC9-9977-44C0-8A6A-69C88C0B451B}
	EndGlobalSection
EndGlobal
