Microsoft Visual Studio Solution File, Format Version 12.00
# Visual Studio 15
VisualStudioVersion = 15.0.27130.2010
EndProject
Project("{FAE04EC0-301F-11D3-BF4B-00C04F79EFBC}") = "SkiaSharpSample", "SkiaSharpSample\SkiaSharpSample.csproj", "{66021FA3-47E9-4C76-904C-94A22C31FCBE}"
EndProject
Global
	GlobalSection(SolutionConfigurationPlatforms) = preSolution
		Debug|Any CPU = Debug|Any CPU
		Debug|iPhone = Debug|iPhone
		Debug|iPhoneSimulator = Debug|iPhoneSimulator
		Release|Any CPU = Release|Any CPU
		Release|iPhone = Release|iPhone
		Release|iPhoneSimulator = Release|iPhoneSimulator
	EndGlobalSection
	GlobalSection(ProjectConfigurationPlatforms) = postSolution
		{66021FA3-47E9-4C76-904C-94A22C31FCBE}.Debug|Any CPU.ActiveCfg = Debug|iPhoneSimulator
		{66021FA3-47E9-4C76-904C-94A22C31FCBE}.Debug|Any CPU.Build.0 = Debug|iPhoneSimulator
		{66021FA3-47E9-4C76-904C-94A22C31FCBE}.Debug|iPhone.ActiveCfg = Debug|iPhone
		{66021FA3-47E9-4C76-904C-94A22C31FCBE}.Debug|iPhone.Build.0 = Debug|iPhone
		{66021FA3-47E9-4C76-904C-94A22C31FCBE}.Debug|iPhoneSimulator.ActiveCfg = Debug|iPhoneSimulator
		{66021FA3-47E9-4C76-904C-94A22C31FCBE}.Debug|iPhoneSimulator.Build.0 = Debug|iPhoneSimulator
		{66021FA3-47E9-4C76-904C-94A22C31FCBE}.Release|Any CPU.ActiveCfg = Release|iPhone
		{66021FA3-47E9-4C76-904C-94A22C31FCBE}.Release|Any CPU.Build.0 = Release|iPhone
		{66021FA3-47E9-4C76-904C-94A22C31FCBE}.Release|iPhone.ActiveCfg = Release|iPhone
		{66021FA3-47E9-4C76-904C-94A22C31FCBE}.Release|iPhone.Build.0 = Release|iPhone
		{66021FA3-47E9-4C76-904C-94A22C31FCBE}.Release|iPhoneSimulator.ActiveCfg = Release|iPhoneSimulator
		{66021FA3-47E9-4C76-904C-94A22C31FCBE}.Release|iPhoneSimulator.Build.0 = Release|iPhoneSimulator
	EndGlobalSection
	GlobalSection(SolutionProperties) = preSolution
		HideSolutionNode = FALSE
	EndGlobalSection
	GlobalSection(ExtensibilityGlobals) = postSolution
		SolutionGuid = {8D3FA2D2-105F-48CD-B3A8-F38E38A8DC55}
	EndGlobalSection
EndGlobal
