
Microsoft Visual Studio Solution File, Format Version 12.00
# Visual Studio 15
VisualStudioVersion = 15.0.27130.2010
EndProject
Project("{9A19103F-16F7-4668-BE54-9A1E7A4F7556}") = "SkiaSharpSample", "SkiaSharpSample\SkiaSharpSample.csproj", "{B178E8E3-A5AD-4C98-B365-86E05EE53643}"
EndProject
Project("{FAE04EC0-301F-11D3-BF4B-00C04F79EFBC}") = "SkiaSharpSample.Android", "SkiaSharpSample.Android\SkiaSharpSample.Android.csproj", "{1A87975A-FCF4-4E76-B42C-520759758F59}"
EndProject
Project("{FAE04EC0-301F-11D3-BF4B-00C04F79EFBC}") = "SkiaSharpSample.iOS", "SkiaSharpSample.iOS\SkiaSharpSample.iOS.csproj", "{6046F8C0-94A1-4590-96E1-727BD3976481}"
EndProject
Project("{FAE04EC0-301F-11D3-BF4B-00C04F79EFBC}") = "SkiaSharpSample.macOS", "SkiaSharpSample.macOS\SkiaSharpSample.macOS.csproj", "{1D7EC18C-1780-4C46-8736-A3661DA20AEE}"
EndProject
Project("{9A19103F-16F7-4668-BE54-9A1E7A4F7556}") = "SkiaSharpSample.Tizen", "SkiaSharpSample.Tizen\SkiaSharpSample.Tizen.csproj", "{F6DC3E26-1DA9-4FE6-ACD2-64D22CB361B5}"
EndProject
Project("{FAE04EC0-301F-11D3-BF4B-00C04F79EFBC}") = "SkiaSharpSample.GTK", "SkiaSharpSample.GTK\SkiaSharpSample.GTK.csproj", "{17521786-7B50-46C5-BBCE-999FDEBB45A3}"
EndProject
Global
	GlobalSection(SolutionConfigurationPlatforms) = preSolution
		Debug|Any CPU = Debug|Any CPU
		Debug|iPhone = Debug|iPhone
		Debug|iPhoneSimulator = Debug|iPhoneSimulator
		Release|Any CPU = Release|Any CPU
		Release|iPhone = Release|iPhone
		Release|iPhoneSimulator = Release|iPhoneSimulator
	EndGlobalSection
	GlobalSection(ProjectConfigurationPlatforms) = postSolution
		{B178E8E3-A5AD-4C98-B365-86E05EE53643}.Debug|Any CPU.ActiveCfg = Debug|Any CPU
		{B178E8E3-A5AD-4C98-B365-86E05EE53643}.Debug|Any CPU.Build.0 = Debug|Any CPU
		{B178E8E3-A5AD-4C98-B365-86E05EE53643}.Debug|iPhone.ActiveCfg = Debug|Any CPU
		{B178E8E3-A5AD-4C98-B365-86E05EE53643}.Debug|iPhone.Build.0 = Debug|Any CPU
		{B178E8E3-A5AD-4C98-B365-86E05EE53643}.Debug|iPhoneSimulator.ActiveCfg = Debug|Any CPU
		{B178E8E3-A5AD-4C98-B365-86E05EE53643}.Debug|iPhoneSimulator.Build.0 = Debug|Any CPU
		{B178E8E3-A5AD-4C98-B365-86E05EE53643}.Release|Any CPU.ActiveCfg = Release|Any CPU
		{B178E8E3-A5AD-4C98-B365-86E05EE53643}.Release|Any CPU.Build.0 = Release|Any CPU
		{B178E8E3-A5AD-4C98-B365-86E05EE53643}.Release|iPhone.ActiveCfg = Release|Any CPU
		{B178E8E3-A5AD-4C98-B365-86E05EE53643}.Release|iPhone.Build.0 = Release|Any CPU
		{B178E8E3-A5AD-4C98-B365-86E05EE53643}.Release|iPhoneSimulator.ActiveCfg = Release|Any CPU
		{B178E8E3-A5AD-4C98-B365-86E05EE53643}.Release|iPhoneSimulator.Build.0 = Release|Any CPU
		{1A87975A-FCF4-4E76-B42C-520759758F59}.Debug|Any CPU.ActiveCfg = Debug|Any CPU
		{1A87975A-FCF4-4E76-B42C-520759758F59}.Debug|Any CPU.Build.0 = Debug|Any CPU
		{1A87975A-FCF4-4E76-B42C-520759758F59}.Debug|Any CPU.Deploy.0 = Debug|Any CPU
		{1A87975A-FCF4-4E76-B42C-520759758F59}.Debug|iPhone.ActiveCfg = Debug|Any CPU
		{1A87975A-FCF4-4E76-B42C-520759758F59}.Debug|iPhone.Build.0 = Debug|Any CPU
		{1A87975A-FCF4-4E76-B42C-520759758F59}.Debug|iPhone.Deploy.0 = Debug|Any CPU
		{1A87975A-FCF4-4E76-B42C-520759758F59}.Debug|iPhoneSimulator.ActiveCfg = Debug|Any CPU
		{1A87975A-FCF4-4E76-B42C-520759758F59}.Debug|iPhoneSimulator.Build.0 = Debug|Any CPU
		{1A87975A-FCF4-4E76-B42C-520759758F59}.Debug|iPhoneSimulator.Deploy.0 = Debug|Any CPU
		{1A87975A-FCF4-4E76-B42C-520759758F59}.Release|Any CPU.ActiveCfg = Release|Any CPU
		{1A87975A-FCF4-4E76-B42C-520759758F59}.Release|Any CPU.Build.0 = Release|Any CPU
		{1A87975A-FCF4-4E76-B42C-520759758F59}.Release|Any CPU.Deploy.0 = Release|Any CPU
		{1A87975A-FCF4-4E76-B42C-520759758F59}.Release|iPhone.ActiveCfg = Release|Any CPU
		{1A87975A-FCF4-4E76-B42C-520759758F59}.Release|iPhone.Build.0 = Release|Any CPU
		{1A87975A-FCF4-4E76-B42C-520759758F59}.Release|iPhone.Deploy.0 = Release|Any CPU
		{1A87975A-FCF4-4E76-B42C-520759758F59}.Release|iPhoneSimulator.ActiveCfg = Release|Any CPU
		{1A87975A-FCF4-4E76-B42C-520759758F59}.Release|iPhoneSimulator.Build.0 = Release|Any CPU
		{1A87975A-FCF4-4E76-B42C-520759758F59}.Release|iPhoneSimulator.Deploy.0 = Release|Any CPU
		{6046F8C0-94A1-4590-96E1-727BD3976481}.Debug|Any CPU.ActiveCfg = Debug|iPhoneSimulator
		{6046F8C0-94A1-4590-96E1-727BD3976481}.Debug|Any CPU.Build.0 = Debug|iPhoneSimulator
		{6046F8C0-94A1-4590-96E1-727BD3976481}.Debug|Any CPU.Deploy.0 = Debug|iPhoneSimulator
		{6046F8C0-94A1-4590-96E1-727BD3976481}.Debug|iPhone.ActiveCfg = Debug|iPhone
		{6046F8C0-94A1-4590-96E1-727BD3976481}.Debug|iPhone.Build.0 = Debug|iPhone
		{6046F8C0-94A1-4590-96E1-727BD3976481}.Debug|iPhone.Deploy.0 = Debug|iPhone
		{6046F8C0-94A1-4590-96E1-727BD3976481}.Debug|iPhoneSimulator.ActiveCfg = Debug|iPhoneSimulator
		{6046F8C0-94A1-4590-96E1-727BD3976481}.Debug|iPhoneSimulator.Build.0 = Debug|iPhoneSimulator
		{6046F8C0-94A1-4590-96E1-727BD3976481}.Debug|iPhoneSimulator.Deploy.0 = Debug|iPhoneSimulator
		{6046F8C0-94A1-4590-96E1-727BD3976481}.Release|Any CPU.ActiveCfg = Release|iPhoneSimulator
		{6046F8C0-94A1-4590-96E1-727BD3976481}.Release|Any CPU.Build.0 = Release|iPhoneSimulator
		{6046F8C0-94A1-4590-96E1-727BD3976481}.Release|Any CPU.Deploy.0 = Release|iPhoneSimulator
		{6046F8C0-94A1-4590-96E1-727BD3976481}.Release|iPhone.ActiveCfg = Release|iPhone
		{6046F8C0-94A1-4590-96E1-727BD3976481}.Release|iPhone.Build.0 = Release|iPhone
		{6046F8C0-94A1-4590-96E1-727BD3976481}.Release|iPhone.Deploy.0 = Release|iPhone
		{6046F8C0-94A1-4590-96E1-727BD3976481}.Release|iPhoneSimulator.ActiveCfg = Release|iPhoneSimulator
		{6046F8C0-94A1-4590-96E1-727BD3976481}.Release|iPhoneSimulator.Build.0 = Release|iPhoneSimulator
		{6046F8C0-94A1-4590-96E1-727BD3976481}.Release|iPhoneSimulator.Deploy.0 = Release|iPhoneSimulator
		{1D7EC18C-1780-4C46-8736-A3661DA20AEE}.Debug|Any CPU.ActiveCfg = Debug|Any CPU
		{1D7EC18C-1780-4C46-8736-A3661DA20AEE}.Debug|Any CPU.Build.0 = Debug|Any CPU
		{1D7EC18C-1780-4C46-8736-A3661DA20AEE}.Debug|iPhone.ActiveCfg = Debug|Any CPU
		{1D7EC18C-1780-4C46-8736-A3661DA20AEE}.Debug|iPhone.Build.0 = Debug|Any CPU
		{1D7EC18C-1780-4C46-8736-A3661DA20AEE}.Debug|iPhoneSimulator.ActiveCfg = Debug|Any CPU
		{1D7EC18C-1780-4C46-8736-A3661DA20AEE}.Debug|iPhoneSimulator.Build.0 = Debug|Any CPU
		{1D7EC18C-1780-4C46-8736-A3661DA20AEE}.Release|Any CPU.ActiveCfg = Release|Any CPU
		{1D7EC18C-1780-4C46-8736-A3661DA20AEE}.Release|Any CPU.Build.0 = Release|Any CPU
		{1D7EC18C-1780-4C46-8736-A3661DA20AEE}.Release|iPhone.ActiveCfg = Release|Any CPU
		{1D7EC18C-1780-4C46-8736-A3661DA20AEE}.Release|iPhone.Build.0 = Release|Any CPU
		{1D7EC18C-1780-4C46-8736-A3661DA20AEE}.Release|iPhoneSimulator.ActiveCfg = Release|Any CPU
		{1D7EC18C-1780-4C46-8736-A3661DA20AEE}.Release|iPhoneSimulator.Build.0 = Release|Any CPU
		{F6DC3E26-1DA9-4FE6-ACD2-64D22CB361B5}.Debug|Any CPU.ActiveCfg = Debug|Any CPU
		{F6DC3E26-1DA9-4FE6-ACD2-64D22CB361B5}.Debug|Any CPU.Build.0 = Debug|Any CPU
		{F6DC3E26-1DA9-4FE6-ACD2-64D22CB361B5}.Debug|iPhone.ActiveCfg = Debug|Any CPU
		{F6DC3E26-1DA9-4FE6-ACD2-64D22CB361B5}.Debug|iPhone.Build.0 = Debug|Any CPU
		{F6DC3E26-1DA9-4FE6-ACD2-64D22CB361B5}.Debug|iPhoneSimulator.ActiveCfg = Debug|Any CPU
		{F6DC3E26-1DA9-4FE6-ACD2-64D22CB361B5}.Debug|iPhoneSimulator.Build.0 = Debug|Any CPU
		{F6DC3E26-1DA9-4FE6-ACD2-64D22CB361B5}.Release|Any CPU.ActiveCfg = Release|Any CPU
		{F6DC3E26-1DA9-4FE6-ACD2-64D22CB361B5}.Release|Any CPU.Build.0 = Release|Any CPU
		{F6DC3E26-1DA9-4FE6-ACD2-64D22CB361B5}.Release|iPhone.ActiveCfg = Release|Any CPU
		{F6DC3E26-1DA9-4FE6-ACD2-64D22CB361B5}.Release|iPhone.Build.0 = Release|Any CPU
		{F6DC3E26-1DA9-4FE6-ACD2-64D22CB361B5}.Release|iPhoneSimulator.ActiveCfg = Release|Any CPU
		{F6DC3E26-1DA9-4FE6-ACD2-64D22CB361B5}.Release|iPhoneSimulator.Build.0 = Release|Any CPU
		{17521786-7B50-46C5-BBCE-999FDEBB45A3}.Debug|Any CPU.ActiveCfg = Debug|Any CPU
		{17521786-7B50-46C5-BBCE-999FDEBB45A3}.Debug|Any CPU.Build.0 = Debug|Any CPU
		{17521786-7B50-46C5-BBCE-999FDEBB45A3}.Debug|ARM.ActiveCfg = Debug|Any CPU
		{17521786-7B50-46C5-BBCE-999FDEBB45A3}.Debug|ARM.Build.0 = Debug|Any CPU
		{17521786-7B50-46C5-BBCE-999FDEBB45A3}.Debug|iPhone.ActiveCfg = Debug|Any CPU
		{17521786-7B50-46C5-BBCE-999FDEBB45A3}.Debug|iPhone.Build.0 = Debug|Any CPU
		{17521786-7B50-46C5-BBCE-999FDEBB45A3}.Debug|iPhoneSimulator.ActiveCfg = Debug|Any CPU
		{17521786-7B50-46C5-BBCE-999FDEBB45A3}.Debug|iPhoneSimulator.Build.0 = Debug|Any CPU
		{17521786-7B50-46C5-BBCE-999FDEBB45A3}.Debug|x64.ActiveCfg = Debug|Any CPU
		{17521786-7B50-46C5-BBCE-999FDEBB45A3}.Debug|x64.Build.0 = Debug|Any CPU
		{17521786-7B50-46C5-BBCE-999FDEBB45A3}.Debug|x86.ActiveCfg = Debug|Any CPU
		{17521786-7B50-46C5-BBCE-999FDEBB45A3}.Debug|x86.Build.0 = Debug|Any CPU
		{17521786-7B50-46C5-BBCE-999FDEBB45A3}.Release|Any CPU.ActiveCfg = Release|Any CPU
		{17521786-7B50-46C5-BBCE-999FDEBB45A3}.Release|Any CPU.Build.0 = Release|Any CPU
		{17521786-7B50-46C5-BBCE-999FDEBB45A3}.Release|ARM.ActiveCfg = Release|Any CPU
		{17521786-7B50-46C5-BBCE-999FDEBB45A3}.Release|ARM.Build.0 = Release|Any CPU
		{17521786-7B50-46C5-BBCE-999FDEBB45A3}.Release|iPhone.ActiveCfg = Release|Any CPU
		{17521786-7B50-46C5-BBCE-999FDEBB45A3}.Release|iPhone.Build.0 = Release|Any CPU
		{17521786-7B50-46C5-BBCE-999FDEBB45A3}.Release|iPhoneSimulator.ActiveCfg = Release|Any CPU
		{17521786-7B50-46C5-BBCE-999FDEBB45A3}.Release|iPhoneSimulator.Build.0 = Release|Any CPU
		{17521786-7B50-46C5-BBCE-999FDEBB45A3}.Release|x64.ActiveCfg = Release|Any CPU
		{17521786-7B50-46C5-BBCE-999FDEBB45A3}.Release|x64.Build.0 = Release|Any CPU
		{17521786-7B50-46C5-BBCE-999FDEBB45A3}.Release|x86.ActiveCfg = Release|Any CPU
		{17521786-7B50-46C5-BBCE-999FDEBB45A3}.Release|x86.Build.0 = Release|Any CPU
	EndGlobalSection
	GlobalSection(SolutionProperties) = preSolution
		HideSolutionNode = FALSE
	EndGlobalSection
	GlobalSection(ExtensibilityGlobals) = postSolution
		SolutionGuid = {67EACD19-0CEA-4127-9842-549AA6FB84C9}
	EndGlobalSection
EndGlobal
